
Microsoft Visual Studio Solution File, Format Version 12.00
# Visual Studio 2012
Project("{FAE04EC0-301F-11D3-BF4B-00C04F79EFBC}") = "HttpPost", "HttpPost\HttpPost.csproj", "{2559EF4F-CB13-4D48-AA78-0B202B4D3364}"
EndProject
Project("{FAE04EC0-301F-11D3-BF4B-00C04F79EFBC}") = "TEST", "TEST\TEST.csproj", "{47390E5A-67BE-49F2-99EA-AC52E841ABB8}"
EndProject
Global
	GlobalSection(SolutionConfigurationPlatforms) = preSolution
		Debug|Any CPU = Debug|Any CPU
		Release|Any CPU = Release|Any CPU
	EndGlobalSection
	GlobalSection(ProjectConfigurationPlatforms) = postSolution
		{2559EF4F-CB13-4D48-AA78-0B202B4D3364}.Debug|Any CPU.ActiveCfg = Debug|Any CPU
		{2559EF4F-CB13-4D48-AA78-0B202B4D3364}.Debug|Any CPU.Build.0 = Debug|Any CPU
		{2559EF4F-CB13-4D48-AA78-0B202B4D3364}.Release|Any CPU.ActiveCfg = Release|Any CPU
		{2559EF4F-CB13-4D48-AA78-0B202B4D3364}.Release|Any CPU.Build.0 = Release|Any CPU
		{47390E5A-67BE-49F2-99EA-AC52E841ABB8}.Debug|Any CPU.ActiveCfg = Debug|Any CPU
		{47390E5A-67BE-49F2-99EA-AC52E841ABB8}.Debug|Any CPU.Build.0 = Debug|Any CPU
		{47390E5A-67BE-49F2-99EA-AC52E841ABB8}.Release|Any CPU.ActiveCfg = Release|Any CPU
		{47390E5A-67BE-49F2-99EA-AC52E841ABB8}.Release|Any CPU.Build.0 = Release|Any CPU
	EndGlobalSection
	GlobalSection(SolutionProperties) = preSolution
		HideSolutionNode = FALSE
	EndGlobalSection
EndGlobal
